<?xml version="1.0" encoding="utf-8"?>
<Project ToolsVersion="4.0" xmlns="http://schemas.microsoft.com/developer/msbuild/2003">
  <ItemGroup>
    <Filter Include="Common">
      <UniqueIdentifier>c2d376cd-01d3-4161-ae70-8caf697a9abf</UniqueIdentifier>
    </Filter>
    <Filter Include="Assets">
      <UniqueIdentifier>33d27b96-0970-45dd-ba5c-04a726dfdc18</UniqueIdentifier>
      <Extensions>ico;cur;bmp;dds;dlg;fbx;rct;bin;rgs;gif;jpg;jpeg;jpe;resx;tga;tiff;tif;png;wav;mfcribbon-ms</Extensions>
    </Filter>
  </ItemGroup>
  <ItemGroup>
    <ClInclude Include="Game\DeviceManager.h" />
    <ClInclude Include="Game\DeviceResources.h">
      <Filter>Common</Filter>
    </ClInclude>
    <ClInclude Include="Game\Game.h" />
    <ClInclude Include="Game\pch.h" />
    <ClInclude Include="Game\StepTimer.h">
      <Filter>Common</Filter>
    </ClInclude>
    <ClInclude Include="Game\SceneManager\SceneManager.h" />
    <ClInclude Include="Game\SceneManager\SceneBase.h" />
    <ClInclude Include="Game\PlayScene\PlayScene.h" />
  </ItemGroup>
  <ItemGroup>
    <ClCompile Include="Game\DeviceManager.cpp" />
    <ClCompile Include="Game\DeviceResources.cpp">
      <Filter>Common</Filter>
    </ClCompile>
    <ClCompile Include="Game\Game.cpp" />
    <ClCompile Include="Game\Main.cpp" />
    <ClCompile Include="Game\pch.cpp" />
    <ClCompile Include="Game\SceneManager\SceneManager.cpp" />
    <ClCompile Include="Game\SceneManager\SceneBase.cpp" />
    <ClCompile Include="Game\PlayScene\PlayScene.cpp" />
  </ItemGroup>
  <ItemGroup>
    <ResourceCompile Include="resource.rc" />
  </ItemGroup>
  <ItemGroup>
    <Image Include="directx.ico">
      <Filter>Assets</Filter>
    </Image>
  </ItemGroup>
  <ItemGroup>
    <Manifest Include="settings.manifest">
      <Filter>Assets</Filter>
    </Manifest>
  </ItemGroup>
</Project>